// !$*UTF8*$!
{
	archiveVersion = 1;
	classes = {
	};
	objectVersion = 46;
	objects = {

/* Begin PBXBuildFile section */
		3911D44E1E4E9FFC00268F10 /* main.m in Sources */ = {isa = PBXBuildFile; fileRef = 3911D44D1E4E9FFC00268F10 /* main.m */; };
		3911D4511E4E9FFC00268F10 /* AppDelegate.m in Sources */ = {isa = PBXBuildFile; fileRef = 3911D4501E4E9FFC00268F10 /* AppDelegate.m */; };
		3911D4541E4E9FFC00268F10 /* ViewController.m in Sources */ = {isa = PBXBuildFile; fileRef = 3911D4531E4E9FFC00268F10 /* ViewController.m */; };
		3911D4571E4E9FFC00268F10 /* Main.storyboard in Resources */ = {isa = PBXBuildFile; fileRef = 3911D4551E4E9FFC00268F10 /* Main.storyboard */; };
		3911D4591E4E9FFC00268F10 /* Assets.xcassets in Resources */ = {isa = PBXBuildFile; fileRef = 3911D4581E4E9FFC00268F10 /* Assets.xcassets */; };
		3911D45C1E4E9FFC00268F10 /* LaunchScreen.storyboard in Resources */ = {isa = PBXBuildFile; fileRef = 3911D45A1E4E9FFC00268F10 /* LaunchScreen.storyboard */; };
		3911D4651E4EA06300268F10 /* UIKit.framework in Frameworks */ = {isa = PBXBuildFile; fileRef = 3911D4641E4EA06300268F10 /* UIKit.framework */; };
		3911D4671E4EA06C00268F10 /* CoreText.framework in Frameworks */ = {isa = PBXBuildFile; fileRef = 3911D4661E4EA06C00268F10 /* CoreText.framework */; };
		3911D4691E4EA07D00268F10 /* MobileCoreServices.framework in Frameworks */ = {isa = PBXBuildFile; fileRef = 3911D4681E4EA07D00268F10 /* MobileCoreServices.framework */; };
		3911D46B1E4EA08900268F10 /* SystemConfiguration.framework in Frameworks */ = {isa = PBXBuildFile; fileRef = 3911D46A1E4EA08900268F10 /* SystemConfiguration.framework */; };
		3911D46D1E4EA09B00268F10 /* AVFoundation.framework in Frameworks */ = {isa = PBXBuildFile; fileRef = 3911D46C1E4EA09B00268F10 /* AVFoundation.framework */; };
		3911D46F1E4EA0A400268F10 /* CoreTelephony.framework in Frameworks */ = {isa = PBXBuildFile; fileRef = 3911D46E1E4EA0A400268F10 /* CoreTelephony.framework */; };
		3911D4711E4EA0AB00268F10 /* CoreMedia.framework in Frameworks */ = {isa = PBXBuildFile; fileRef = 3911D4701E4EA0AB00268F10 /* CoreMedia.framework */; };
		3911D4731E4EA0B200268F10 /* AudioToolbox.framework in Frameworks */ = {isa = PBXBuildFile; fileRef = 3911D4721E4EA0B200268F10 /* AudioToolbox.framework */; };
		3911D4751E4EA0BD00268F10 /* libz.tbd in Frameworks */ = {isa = PBXBuildFile; fileRef = 3911D4741E4EA0BD00268F10 /* libz.tbd */; };
		3911D4771E4EA0C600268F10 /* libstdc++.6.0.9.tbd in Frameworks */ = {isa = PBXBuildFile; fileRef = 3911D4761E4EA0C600268F10 /* libstdc++.6.0.9.tbd */; };
		3911D4791E4EA0CE00268F10 /* libsqlite3.0.tbd in Frameworks */ = {isa = PBXBuildFile; fileRef = 3911D4781E4EA0CE00268F10 /* libsqlite3.0.tbd */; };
		3911D4921E4EAC4900268F10 /* libaacplus.a in Frameworks */ = {isa = PBXBuildFile; fileRef = 3911D48D1E4EAC4900268F10 /* libaacplus.a */; };
		3911D4931E4EAC4900268F10 /* libcrypto.a in Frameworks */ = {isa = PBXBuildFile; fileRef = 3911D48E1E4EAC4900268F10 /* libcrypto.a */; };
		3911D4941E4EAC4900268F10 /* libevent.a in Frameworks */ = {isa = PBXBuildFile; fileRef = 3911D48F1E4EAC4900268F10 /* libevent.a */; };
		3911D4951E4EAC4900268F10 /* libQYSDK.a in Frameworks */ = {isa = PBXBuildFile; fileRef = 3911D4901E4EAC4900268F10 /* libQYSDK.a */; };
		3911D4961E4EAC4900268F10 /* QYResource.bundle in Resources */ = {isa = PBXBuildFile; fileRef = 3911D4911E4EAC4900268F10 /* QYResource.bundle */; };
/* End PBXBuildFile section */

/* Begin PBXFileReference section */
		3911D4491E4E9FFC00268F10 /* QY.163Demo.app */ = {isa = PBXFileReference; explicitFileType = wrapper.application; includeInIndex = 0; path = QY.163Demo.app; sourceTree = BUILT_PRODUCTS_DIR; };
		3911D44D1E4E9FFC00268F10 /* main.m */ = {isa = PBXFileReference; lastKnownFileType = sourcecode.c.objc; path = main.m; sourceTree = "<group>"; };
		3911D44F1E4E9FFC00268F10 /* AppDelegate.h */ = {isa = PBXFileReference; lastKnownFileType = sourcecode.c.h; path = AppDelegate.h; sourceTree = "<group>"; };
		3911D4501E4E9FFC00268F10 /* AppDelegate.m */ = {isa = PBXFileReference; lastKnownFileType = sourcecode.c.objc; path = AppDelegate.m; sourceTree = "<group>"; };
		3911D4521E4E9FFC00268F10 /* ViewController.h */ = {isa = PBXFileReference; lastKnownFileType = sourcecode.c.h; path = ViewController.h; sourceTree = "<group>"; };
		3911D4531E4E9FFC00268F10 /* ViewController.m */ = {isa = PBXFileReference; lastKnownFileType = sourcecode.c.objc; path = ViewController.m; sourceTree = "<group>"; };
		3911D4561E4E9FFC00268F10 /* Base */ = {isa = PBXFileReference; lastKnownFileType = file.storyboard; name = Base; path = Base.lproj/Main.storyboard; sourceTree = "<group>"; };
		3911D4581E4E9FFC00268F10 /* Assets.xcassets */ = {isa = PBXFileReference; lastKnownFileType = folder.assetcatalog; path = Assets.xcassets; sourceTree = "<group>"; };
		3911D45B1E4E9FFC00268F10 /* Base */ = {isa = PBXFileReference; lastKnownFileType = file.storyboard; name = Base; path = Base.lproj/LaunchScreen.storyboard; sourceTree = "<group>"; };
		3911D45D1E4E9FFC00268F10 /* Info.plist */ = {isa = PBXFileReference; lastKnownFileType = text.plist.xml; path = Info.plist; sourceTree = "<group>"; };
		3911D4641E4EA06300268F10 /* UIKit.framework */ = {isa = PBXFileReference; lastKnownFileType = wrapper.framework; name = UIKit.framework; path = System/Library/Frameworks/UIKit.framework; sourceTree = SDKROOT; };
		3911D4661E4EA06C00268F10 /* CoreText.framework */ = {isa = PBXFileReference; lastKnownFileType = wrapper.framework; name = CoreText.framework; path = System/Library/Frameworks/CoreText.framework; sourceTree = SDKROOT; };
		3911D4681E4EA07D00268F10 /* MobileCoreServices.framework */ = {isa = PBXFileReference; lastKnownFileType = wrapper.framework; name = MobileCoreServices.framework; path = System/Library/Frameworks/MobileCoreServices.framework; sourceTree = SDKROOT; };
		3911D46A1E4EA08900268F10 /* SystemConfiguration.framework */ = {isa = PBXFileReference; lastKnownFileType = wrapper.framework; name = SystemConfiguration.framework; path = System/Library/Frameworks/SystemConfiguration.framework; sourceTree = SDKROOT; };
		3911D46C1E4EA09B00268F10 /* AVFoundation.framework */ = {isa = PBXFileReference; lastKnownFileType = wrapper.framework; name = AVFoundation.framework; path = System/Library/Frameworks/AVFoundation.framework; sourceTree = SDKROOT; };
		3911D46E1E4EA0A400268F10 /* CoreTelephony.framework */ = {isa = PBXFileReference; lastKnownFileType = wrapper.framework; name = CoreTelephony.framework; path = System/Library/Frameworks/CoreTelephony.framework; sourceTree = SDKROOT; };
		3911D4701E4EA0AB00268F10 /* CoreMedia.framework */ = {isa = PBXFileReference; lastKnownFileType = wrapper.framework; name = CoreMedia.framework; path = System/Library/Frameworks/CoreMedia.framework; sourceTree = SDKROOT; };
		3911D4721E4EA0B200268F10 /* AudioToolbox.framework */ = {isa = PBXFileReference; lastKnownFileType = wrapper.framework; name = AudioToolbox.framework; path = System/Library/Frameworks/AudioToolbox.framework; sourceTree = SDKROOT; };
		3911D4741E4EA0BD00268F10 /* libz.tbd */ = {isa = PBXFileReference; lastKnownFileType = "sourcecode.text-based-dylib-definition"; name = libz.tbd; path = usr/lib/libz.tbd; sourceTree = SDKROOT; };
		3911D4761E4EA0C600268F10 /* libstdc++.6.0.9.tbd */ = {isa = PBXFileReference; lastKnownFileType = "sourcecode.text-based-dylib-definition"; name = "libstdc++.6.0.9.tbd"; path = "usr/lib/libstdc++.6.0.9.tbd"; sourceTree = SDKROOT; };
		3911D4781E4EA0CE00268F10 /* libsqlite3.0.tbd */ = {isa = PBXFileReference; lastKnownFileType = "sourcecode.text-based-dylib-definition"; name = libsqlite3.0.tbd; path = usr/lib/libsqlite3.0.tbd; sourceTree = SDKROOT; };
		3911D47D1E4EAC4900268F10 /* QYPOPConversationManager.h */ = {isa = PBXFileReference; fileEncoding = 4; lastKnownFileType = sourcecode.c.h; path = QYPOPConversationManager.h; sourceTree = "<group>"; };
		3911D47E1E4EAC4900268F10 /* QYPOPCustomUIConfig.h */ = {isa = PBXFileReference; fileEncoding = 4; lastKnownFileType = sourcecode.c.h; path = QYPOPCustomUIConfig.h; sourceTree = "<group>"; };
		3911D47F1E4EAC4900268F10 /* QYPOPMessageInfo.h */ = {isa = PBXFileReference; fileEncoding = 4; lastKnownFileType = sourcecode.c.h; path = QYPOPMessageInfo.h; sourceTree = "<group>"; };
		3911D4801E4EAC4900268F10 /* QYPOPSDK.h */ = {isa = PBXFileReference; fileEncoding = 4; lastKnownFileType = sourcecode.c.h; path = QYPOPSDK.h; sourceTree = "<group>"; };
		3911D4811E4EAC4900268F10 /* QYPOPSessionInfo.h */ = {isa = PBXFileReference; fileEncoding = 4; lastKnownFileType = sourcecode.c.h; path = QYPOPSessionInfo.h; sourceTree = "<group>"; };
		3911D4821E4EAC4900268F10 /* QYPOPSessionViewController.h */ = {isa = PBXFileReference; fileEncoding = 4; lastKnownFileType = sourcecode.c.h; path = QYPOPSessionViewController.h; sourceTree = "<group>"; };
		3911D4831E4EAC4900268F10 /* QYCommodityInfo.h */ = {isa = PBXFileReference; fileEncoding = 4; lastKnownFileType = sourcecode.c.h; path = QYCommodityInfo.h; sourceTree = "<group>"; };
		3911D4841E4EAC4900268F10 /* QYConversationManager.h */ = {isa = PBXFileReference; fileEncoding = 4; lastKnownFileType = sourcecode.c.h; path = QYConversationManager.h; sourceTree = "<group>"; };
		3911D4851E4EAC4900268F10 /* QYCustomActionConfig.h */ = {isa = PBXFileReference; fileEncoding = 4; lastKnownFileType = sourcecode.c.h; path = QYCustomActionConfig.h; sourceTree = "<group>"; };
		3911D4861E4EAC4900268F10 /* QYCustomUIConfig.h */ = {isa = PBXFileReference; fileEncoding = 4; lastKnownFileType = sourcecode.c.h; path = QYCustomUIConfig.h; sourceTree = "<group>"; };
		3911D4871E4EAC4900268F10 /* QYHeaders.h */ = {isa = PBXFileReference; fileEncoding = 4; lastKnownFileType = sourcecode.c.h; path = QYHeaders.h; sourceTree = "<group>"; };
		3911D4881E4EAC4900268F10 /* QYPushMessage.h */ = {isa = PBXFileReference; fileEncoding = 4; lastKnownFileType = sourcecode.c.h; path = QYPushMessage.h; sourceTree = "<group>"; };
		3911D4891E4EAC4900268F10 /* QYSDK.h */ = {isa = PBXFileReference; fileEncoding = 4; lastKnownFileType = sourcecode.c.h; path = QYSDK.h; sourceTree = "<group>"; };
		3911D48A1E4EAC4900268F10 /* QYSessionViewController.h */ = {isa = PBXFileReference; fileEncoding = 4; lastKnownFileType = sourcecode.c.h; path = QYSessionViewController.h; sourceTree = "<group>"; };
		3911D48B1E4EAC4900268F10 /* QYSource.h */ = {isa = PBXFileReference; fileEncoding = 4; lastKnownFileType = sourcecode.c.h; path = QYSource.h; sourceTree = "<group>"; };
		3911D48C1E4EAC4900268F10 /* QYUserInfo.h */ = {isa = PBXFileReference; fileEncoding = 4; lastKnownFileType = sourcecode.c.h; path = QYUserInfo.h; sourceTree = "<group>"; };
		3911D48D1E4EAC4900268F10 /* libaacplus.a */ = {isa = PBXFileReference; lastKnownFileType = archive.ar; path = libaacplus.a; sourceTree = "<group>"; };
		3911D48E1E4EAC4900268F10 /* libcrypto.a */ = {isa = PBXFileReference; lastKnownFileType = archive.ar; path = libcrypto.a; sourceTree = "<group>"; };
		3911D48F1E4EAC4900268F10 /* libevent.a */ = {isa = PBXFileReference; lastKnownFileType = archive.ar; path = libevent.a; sourceTree = "<group>"; };
		3911D4901E4EAC4900268F10 /* libQYSDK.a */ = {isa = PBXFileReference; lastKnownFileType = archive.ar; path = libQYSDK.a; sourceTree = "<group>"; };
		3911D4911E4EAC4900268F10 /* QYResource.bundle */ = {isa = PBXFileReference; lastKnownFileType = "wrapper.plug-in"; path = QYResource.bundle; sourceTree = "<group>"; };
		397AC9161E53F4AE00A3F007 /* QY.163Demo.entitlements */ = {isa = PBXFileReference; lastKnownFileType = text.plist.entitlements; path = QY.163Demo.entitlements; sourceTree = "<group>"; };
/* End PBXFileReference section */

/* Begin PBXFrameworksBuildPhase section */
		3911D4461E4E9FFC00268F10 /* Frameworks */ = {
			isa = PBXFrameworksBuildPhase;
			buildActionMask = 2147483647;
			files = (
				3911D4791E4EA0CE00268F10 /* libsqlite3.0.tbd in Frameworks */,
				3911D4771E4EA0C600268F10 /* libstdc++.6.0.9.tbd in Frameworks */,
				3911D4941E4EAC4900268F10 /* libevent.a in Frameworks */,
				3911D4751E4EA0BD00268F10 /* libz.tbd in Frameworks */,
				3911D4731E4EA0B200268F10 /* AudioToolbox.framework in Frameworks */,
				3911D4711E4EA0AB00268F10 /* CoreMedia.framework in Frameworks */,
				3911D46F1E4EA0A400268F10 /* CoreTelephony.framework in Frameworks */,
				3911D46D1E4EA09B00268F10 /* AVFoundation.framework in Frameworks */,
				3911D4921E4EAC4900268F10 /* libaacplus.a in Frameworks */,
				3911D46B1E4EA08900268F10 /* SystemConfiguration.framework in Frameworks */,
				3911D4691E4EA07D00268F10 /* MobileCoreServices.framework in Frameworks */,
				3911D4951E4EAC4900268F10 /* libQYSDK.a in Frameworks */,
				3911D4931E4EAC4900268F10 /* libcrypto.a in Frameworks */,
				3911D4671E4EA06C00268F10 /* CoreText.framework in Frameworks */,
				3911D4651E4EA06300268F10 /* UIKit.framework in Frameworks */,
			);
			runOnlyForDeploymentPostprocessing = 0;
		};
/* End PBXFrameworksBuildPhase section */

/* Begin PBXGroup section */
		3911D4401E4E9FFC00268F10 = {
			isa = PBXGroup;
			children = (
				3911D44B1E4E9FFC00268F10 /* QY.163Demo */,
				3911D44A1E4E9FFC00268F10 /* Products */,
				3911D4631E4EA06300268F10 /* Frameworks */,
			);
			sourceTree = "<group>";
		};
		3911D44A1E4E9FFC00268F10 /* Products */ = {
			isa = PBXGroup;
			children = (
				3911D4491E4E9FFC00268F10 /* QY.163Demo.app */,
			);
			name = Products;
			sourceTree = "<group>";
		};
		3911D44B1E4E9FFC00268F10 /* QY.163Demo */ = {
			isa = PBXGroup;
			children = (
				397AC9161E53F4AE00A3F007 /* QY.163Demo.entitlements */,
				3911D47A1E4EAC4900268F10 /* SDK */,
				3911D44F1E4E9FFC00268F10 /* AppDelegate.h */,
				3911D4501E4E9FFC00268F10 /* AppDelegate.m */,
				3911D4521E4E9FFC00268F10 /* ViewController.h */,
				3911D4531E4E9FFC00268F10 /* ViewController.m */,
				3911D4551E4E9FFC00268F10 /* Main.storyboard */,
				3911D4581E4E9FFC00268F10 /* Assets.xcassets */,
				3911D45A1E4E9FFC00268F10 /* LaunchScreen.storyboard */,
				3911D45D1E4E9FFC00268F10 /* Info.plist */,
				3911D44C1E4E9FFC00268F10 /* Supporting Files */,
			);
			path = QY.163Demo;
			sourceTree = "<group>";
		};
		3911D44C1E4E9FFC00268F10 /* Supporting Files */ = {
			isa = PBXGroup;
			children = (
				3911D44D1E4E9FFC00268F10 /* main.m */,
			);
			name = "Supporting Files";
			sourceTree = "<group>";
		};
		3911D4631E4EA06300268F10 /* Frameworks */ = {
			isa = PBXGroup;
			children = (
				3911D4781E4EA0CE00268F10 /* libsqlite3.0.tbd */,
				3911D4761E4EA0C600268F10 /* libstdc++.6.0.9.tbd */,
				3911D4741E4EA0BD00268F10 /* libz.tbd */,
				3911D4721E4EA0B200268F10 /* AudioToolbox.framework */,
				3911D4701E4EA0AB00268F10 /* CoreMedia.framework */,
				3911D46E1E4EA0A400268F10 /* CoreTelephony.framework */,
				3911D46C1E4EA09B00268F10 /* AVFoundation.framework */,
				3911D46A1E4EA08900268F10 /* SystemConfiguration.framework */,
				3911D4681E4EA07D00268F10 /* MobileCoreServices.framework */,
				3911D4661E4EA06C00268F10 /* CoreText.framework */,
				3911D4641E4EA06300268F10 /* UIKit.framework */,
			);
			name = Frameworks;
			sourceTree = "<group>";
		};
		3911D47A1E4EAC4900268F10 /* SDK */ = {
			isa = PBXGroup;
			children = (
				3911D47B1E4EAC4900268F10 /* ExportHeaders */,
				3911D48D1E4EAC4900268F10 /* libaacplus.a */,
				3911D48E1E4EAC4900268F10 /* libcrypto.a */,
				3911D48F1E4EAC4900268F10 /* libevent.a */,
				3911D4901E4EAC4900268F10 /* libQYSDK.a */,
				3911D4911E4EAC4900268F10 /* QYResource.bundle */,
			);
			path = SDK;
			sourceTree = "<group>";
		};
		3911D47B1E4EAC4900268F10 /* ExportHeaders */ = {
			isa = PBXGroup;
			children = (
				3911D47C1E4EAC4900268F10 /* POP */,
				3911D4831E4EAC4900268F10 /* QYCommodityInfo.h */,
				3911D4841E4EAC4900268F10 /* QYConversationManager.h */,
				3911D4851E4EAC4900268F10 /* QYCustomActionConfig.h */,
				3911D4861E4EAC4900268F10 /* QYCustomUIConfig.h */,
				3911D4871E4EAC4900268F10 /* QYHeaders.h */,
				3911D4881E4EAC4900268F10 /* QYPushMessage.h */,
				3911D4891E4EAC4900268F10 /* QYSDK.h */,
				3911D48A1E4EAC4900268F10 /* QYSessionViewController.h */,
				3911D48B1E4EAC4900268F10 /* QYSource.h */,
				3911D48C1E4EAC4900268F10 /* QYUserInfo.h */,
			);
			path = ExportHeaders;
			sourceTree = "<group>";
		};
		3911D47C1E4EAC4900268F10 /* POP */ = {
			isa = PBXGroup;
			children = (
				3911D47D1E4EAC4900268F10 /* QYPOPConversationManager.h */,
				3911D47E1E4EAC4900268F10 /* QYPOPCustomUIConfig.h */,
				3911D47F1E4EAC4900268F10 /* QYPOPMessageInfo.h */,
				3911D4801E4EAC4900268F10 /* QYPOPSDK.h */,
				3911D4811E4EAC4900268F10 /* QYPOPSessionInfo.h */,
				3911D4821E4EAC4900268F10 /* QYPOPSessionViewController.h */,
			);
			path = POP;
			sourceTree = "<group>";
		};
/* End PBXGroup section */

/* Begin PBXNativeTarget section */
		3911D4481E4E9FFC00268F10 /* QY.163Demo */ = {
			isa = PBXNativeTarget;
			buildConfigurationList = 3911D4601E4E9FFC00268F10 /* Build configuration list for PBXNativeTarget "QY.163Demo" */;
			buildPhases = (
				3911D4451E4E9FFC00268F10 /* Sources */,
				3911D4461E4E9FFC00268F10 /* Frameworks */,
				3911D4471E4E9FFC00268F10 /* Resources */,
			);
			buildRules = (
			);
			dependencies = (
			);
			name = QY.163Demo;
			productName = QY.163Demo;
			productReference = 3911D4491E4E9FFC00268F10 /* QY.163Demo.app */;
			productType = "com.apple.product-type.application";
		};
/* End PBXNativeTarget section */

/* Begin PBXProject section */
		3911D4411E4E9FFC00268F10 /* Project object */ = {
			isa = PBXProject;
			attributes = {
				LastUpgradeCheck = 0820;
				ORGANIZATIONNAME = Cijian;
				TargetAttributes = {
					3911D4481E4E9FFC00268F10 = {
						CreatedOnToolsVersion = 8.2.1;
						DevelopmentTeam = ET2PE64A4E;
						ProvisioningStyle = Automatic;
						SystemCapabilities = {
							com.apple.BackgroundModes = {
								enabled = 1;
							};
							com.apple.Push = {
								enabled = 1;
							};
						};
					};
				};
			};
			buildConfigurationList = 3911D4441E4E9FFC00268F10 /* Build configuration list for PBXProject "QY.163Demo" */;
			compatibilityVersion = "Xcode 3.2";
			developmentRegion = English;
			hasScannedForEncodings = 0;
			knownRegions = (
				en,
				Base,
			);
			mainGroup = 3911D4401E4E9FFC00268F10;
			productRefGroup = 3911D44A1E4E9FFC00268F10 /* Products */;
			projectDirPath = "";
			projectRoot = "";
			targets = (
				3911D4481E4E9FFC00268F10 /* QY.163Demo */,
			);
		};
/* End PBXProject section */

/* Begin PBXResourcesBuildPhase section */
		3911D4471E4E9FFC00268F10 /* Resources */ = {
			isa = PBXResourcesBuildPhase;
			buildActionMask = 2147483647;
			files = (
				3911D45C1E4E9FFC00268F10 /* LaunchScreen.storyboard in Resources */,
				3911D4591E4E9FFC00268F10 /* Assets.xcassets in Resources */,
				3911D4571E4E9FFC00268F10 /* Main.storyboard in Resources */,
				3911D4961E4EAC4900268F10 /* QYResource.bundle in Resources */,
			);
			runOnlyForDeploymentPostprocessing = 0;
		};
/* End PBXResourcesBuildPhase section */

/* Begin PBXSourcesBuildPhase section */
		3911D4451E4E9FFC00268F10 /* Sources */ = {
			isa = PBXSourcesBuildPhase;
			buildActionMask = 2147483647;
			files = (
				3911D4541E4E9FFC00268F10 /* ViewController.m in Sources */,
				3911D4511E4E9FFC00268F10 /* AppDelegate.m in Sources */,
				3911D44E1E4E9FFC00268F10 /* main.m in Sources */,
			);
			runOnlyForDeploymentPostprocessing = 0;
		};
/* End PBXSourcesBuildPhase section */

/* Begin PBXVariantGroup section */
		3911D4551E4E9FFC00268F10 /* Main.storyboard */ = {
			isa = PBXVariantGroup;
			children = (
				3911D4561E4E9FFC00268F10 /* Base */,
			);
			name = Main.storyboard;
			sourceTree = "<group>";
		};
		3911D45A1E4E9FFC00268F10 /* LaunchScreen.storyboard */ = {
			isa = PBXVariantGroup;
			children = (
				3911D45B1E4E9FFC00268F10 /* Base */,
			);
			name = LaunchScreen.storyboard;
			sourceTree = "<group>";
		};
/* End PBXVariantGroup section */

/* Begin XCBuildConfiguration section */
		3911D45E1E4E9FFC00268F10 /* Debug */ = {
			isa = XCBuildConfiguration;
			buildSettings = {
				ALWAYS_SEARCH_USER_PATHS = NO;
				CLANG_ANALYZER_NONNULL = YES;
				CLANG_CXX_LANGUAGE_STANDARD = "gnu++0x";
				CLANG_CXX_LIBRARY = "libc++";
				CLANG_ENABLE_MODULES = YES;
				CLANG_ENABLE_OBJC_ARC = YES;
				CLANG_WARN_BOOL_CONVERSION = YES;
				CLANG_WARN_CONSTANT_CONVERSION = YES;
				CLANG_WARN_DIRECT_OBJC_ISA_USAGE = YES_ERROR;
				CLANG_WARN_DOCUMENTATION_COMMENTS = YES;
				CLANG_WARN_EMPTY_BODY = YES;
				CLANG_WARN_ENUM_CONVERSION = YES;
				CLANG_WARN_INFINITE_RECURSION = YES;
				CLANG_WARN_INT_CONVERSION = YES;
				CLANG_WARN_OBJC_ROOT_CLASS = YES_ERROR;
				CLANG_WARN_SUSPICIOUS_MOVE = YES;
				CLANG_WARN_UNREACHABLE_CODE = YES;
				CLANG_WARN__DUPLICATE_METHOD_MATCH = YES;
				"CODE_SIGN_IDENTITY[sdk=iphoneos*]" = "iPhone Developer";
				COPY_PHASE_STRIP = NO;
				DEBUG_INFORMATION_FORMAT = dwarf;
				ENABLE_STRICT_OBJC_MSGSEND = YES;
				ENABLE_TESTABILITY = YES;
				GCC_C_LANGUAGE_STANDARD = gnu99;
				GCC_DYNAMIC_NO_PIC = NO;
				GCC_NO_COMMON_BLOCKS = YES;
				GCC_OPTIMIZATION_LEVEL = 0;
				GCC_PREPROCESSOR_DEFINITIONS = (
					"DEBUG=1",
					"$(inherited)",
				);
				GCC_WARN_64_TO_32_BIT_CONVERSION = YES;
				GCC_WARN_ABOUT_RETURN_TYPE = YES_ERROR;
				GCC_WARN_UNDECLARED_SELECTOR = YES;
				GCC_WARN_UNINITIALIZED_AUTOS = YES_AGGRESSIVE;
				GCC_WARN_UNUSED_FUNCTION = YES;
				GCC_WARN_UNUSED_VARIABLE = YES;
				IPHONEOS_DEPLOYMENT_TARGET = 10.2;
				MTL_ENABLE_DEBUG_INFO = YES;
				ONLY_ACTIVE_ARCH = YES;
				SDKROOT = iphoneos;
			};
			name = Debug;
		};
		3911D45F1E4E9FFC00268F10 /* Release */ = {
			isa = XCBuildConfiguration;
			buildSettings = {
				ALWAYS_SEARCH_USER_PATHS = NO;
				CLANG_ANALYZER_NONNULL = YES;
				CLANG_CXX_LANGUAGE_STANDARD = "gnu++0x";
				CLANG_CXX_LIBRARY = "libc++";
				CLANG_ENABLE_MODULES = YES;
				CLANG_ENABLE_OBJC_ARC = YES;
				CLANG_WARN_BOOL_CONVERSION = YES;
				CLANG_WARN_CONSTANT_CONVERSION = YES;
				CLANG_WARN_DIRECT_OBJC_ISA_USAGE = YES_ERROR;
				CLANG_WARN_DOCUMENTATION_COMMENTS = YES;
				CLANG_WARN_EMPTY_BODY = YES;
				CLANG_WARN_ENUM_CONVERSION = YES;
				CLANG_WARN_INFINITE_RECURSION = YES;
				CLANG_WARN_INT_CONVERSION = YES;
				CLANG_WARN_OBJC_ROOT_CLASS = YES_ERROR;
				CLANG_WARN_SUSPICIOUS_MOVE = YES;
				CLANG_WARN_UNREACHABLE_CODE = YES;
				CLANG_WARN__DUPLICATE_METHOD_MATCH = YES;
				"CODE_SIGN_IDENTITY[sdk=iphoneos*]" = "iPhone Developer";
				COPY_PHASE_STRIP = NO;
				DEBUG_INFORMATION_FORMAT = "dwarf-with-dsym";
				ENABLE_NS_ASSERTIONS = NO;
				ENABLE_STRICT_OBJC_MSGSEND = YES;
				GCC_C_LANGUAGE_STANDARD = gnu99;
				GCC_NO_COMMON_BLOCKS = YES;
				GCC_WARN_64_TO_32_BIT_CONVERSION = YES;
				GCC_WARN_ABOUT_RETURN_TYPE = YES_ERROR;
				GCC_WARN_UNDECLARED_SELECTOR = YES;
				GCC_WARN_UNINITIALIZED_AUTOS = YES_AGGRESSIVE;
				GCC_WARN_UNUSED_FUNCTION = YES;
				GCC_WARN_UNUSED_VARIABLE = YES;
				IPHONEOS_DEPLOYMENT_TARGET = 10.2;
				MTL_ENABLE_DEBUG_INFO = NO;
				SDKROOT = iphoneos;
				VALIDATE_PRODUCT = YES;
			};
			name = Release;
		};
		3911D4611E4E9FFC00268F10 /* Debug */ = {
			isa = XCBuildConfiguration;
			buildSettings = {
				ASSETCATALOG_COMPILER_APPICON_NAME = AppIcon;
				CODE_SIGN_ENTITLEMENTS = QY.163Demo/QY.163Demo.entitlements;
				"CODE_SIGN_IDENTITY[sdk=iphoneos*]" = "iPhone Developer";
				DEVELOPMENT_TEAM = "";
				INFOPLIST_FILE = QY.163Demo/Info.plist;
				LD_RUNPATH_SEARCH_PATHS = "$(inherited) @executable_path/Frameworks";
				LIBRARY_SEARCH_PATHS = (
					"$(inherited)",
					"$(PROJECT_DIR)/QY.163Demo/SDK",
				);
				OTHER_LDFLAGS = (
					"-ObjC\n\n-ObjC\n-ObjC",
				);
				PRODUCT_BUNDLE_IDENTIFIER = com.cijianWu.QYDemo;
				PRODUCT_NAME = "$(TARGET_NAME)";
				PROVISIONING_PROFILE = "";
				PROVISIONING_PROFILE_SPECIFIER = "";
			};
			name = Debug;
		};
		3911D4621E4E9FFC00268F10 /* Release */ = {
			isa = XCBuildConfiguration;
			buildSettings = {
				ASSETCATALOG_COMPILER_APPICON_NAME = AppIcon;
				CODE_SIGN_ENTITLEMENTS = QY.163Demo/QY.163Demo.entitlements;
				"CODE_SIGN_IDENTITY[sdk=iphoneos*]" = "iPhone Developer";
				DEVELOPMENT_TEAM = "";
				INFOPLIST_FILE = QY.163Demo/Info.plist;
				LD_RUNPATH_SEARCH_PATHS = "$(inherited) @executable_path/Frameworks";
				LIBRARY_SEARCH_PATHS = (
					"$(inherited)",
					"$(PROJECT_DIR)/QY.163Demo/SDK",
				);
				OTHER_LDFLAGS = (
					"-ObjC\n\n-ObjC\n-ObjC",
				);
				PRODUCT_BUNDLE_IDENTIFIER = com.cijianWu.QYDemo;
				PRODUCT_NAME = "$(TARGET_NAME)";
				PROVISIONING_PROFILE = "";
				PROVISIONING_PROFILE_SPECIFIER = "";
			};
			name = Release;
		};
/* End XCBuildConfiguration section */

/* Begin XCConfigurationList section */
		3911D4441E4E9FFC00268F10 /* Build configuration list for PBXProject "QY.163Demo" */ = {
			isa = XCConfigurationList;
			buildConfigurations = (
				3911D45E1E4E9FFC00268F10 /* Debug */,
				3911D45F1E4E9FFC00268F10 /* Release */,
			);
			defaultConfigurationIsVisible = 0;
			defaultConfigurationName = Release;
		};
		3911D4601E4E9FFC00268F10 /* Build configuration list for PBXNativeTarget "QY.163Demo" */ = {
			isa = XCConfigurationList;
			buildConfigurations = (
				3911D4611E4E9FFC00268F10 /* Debug */,
				3911D4621E4E9FFC00268F10 /* Release */,
			);
			defaultConfigurationIsVisible = 0;
			defaultConfigurationName = Release;
		};
/* End XCConfigurationList section */
	};
	rootObject = 3911D4411E4E9FFC00268F10 /* Project object */;
}
